
Microsoft Visual Studio Solution File, Format Version 12.00
# Visual Studio 15
VisualStudioVersion = 15.0.27703.2035
MinimumVisualStudioVersion = 10.0.40219.1
Project("{FAE04EC0-301F-11D3-BF4B-00C04F79EFBC}") = "PhotoLabel", "PhotoLabel\PhotoLabel.csproj", "{4E379922-00EA-4B37-9696-27F5FF058B21}"
EndProject
Project("{FAE04EC0-301F-11D3-BF4B-00C04F79EFBC}") = "PhotoLibrary.Services", "PhotoLibrary.Services\PhotoLibrary.Services.csproj", "{9071C57F-7B49-4C31-899B-666910064A61}"
EndProject
Global
	GlobalSection(SolutionConfigurationPlatforms) = preSolution
		Debug|Any CPU = Debug|Any CPU
		Release|Any CPU = Release|Any CPU
	EndGlobalSection
	GlobalSection(ProjectConfigurationPlatforms) = postSolution
		{4E379922-00EA-4B37-9696-27F5FF058B21}.Debug|Any CPU.ActiveCfg = Debug|Any CPU
		{4E379922-00EA-4B37-9696-27F5FF058B21}.Debug|Any CPU.Build.0 = Debug|Any CPU
		{4E379922-00EA-4B37-9696-27F5FF058B21}.Release|Any CPU.ActiveCfg = Release|Any CPU
		{4E379922-00EA-4B37-9696-27F5FF058B21}.Release|Any CPU.Build.0 = Release|Any CPU
		{9071C57F-7B49-4C31-899B-666910064A61}.Debug|Any CPU.ActiveCfg = Debug|Any CPU
		{9071C57F-7B49-4C31-899B-666910064A61}.Debug|Any CPU.Build.0 = Debug|Any CPU
		{9071C57F-7B49-4C31-899B-666910064A61}.Release|Any CPU.ActiveCfg = Release|Any CPU
		{9071C57F-7B49-4C31-899B-666910064A61}.Release|Any CPU.Build.0 = Release|Any CPU
	EndGlobalSection
	GlobalSection(SolutionProperties) = preSolution
		HideSolutionNode = FALSE
	EndGlobalSection
	GlobalSection(ExtensibilityGlobals) = postSolution
		SolutionGuid = {7074A608-5D49-4B4B-8202-C878EC29B93F}
	EndGlobalSection
EndGlobal
