
Microsoft Visual Studio Solution File, Format Version 12.00
# Visual Studio Version 16
VisualStudioVersion = 16.0.28803.156
MinimumVisualStudioVersion = 10.0.40219.1
Project("{FAE04EC0-301F-11D3-BF4B-00C04F79EFBC}") = "PhotoLabel.Services", "PhotoLibrary.Services\PhotoLabel.Services.csproj", "{9071C57F-7B49-4C31-899B-666910064A61}"
EndProject
Project("{54435603-DBB4-11D2-8724-00A0C9A8B90C}") = "PhotoLabel.Setup", "PhotoLabel.Setup\PhotoLabel.Setup.vdproj", "{8E9AF8CD-80F4-49E0-AF29-2DCCF3D94CF9}"
EndProject
Project("{FAE04EC0-301F-11D3-BF4B-00C04F79EFBC}") = "PhotoLabel.Wpf", "PhotoLabel.Wpf\PhotoLabel.Wpf.csproj", "{59208F8D-F47E-4013-867D-284FB08CFE44}"
EndProject
Project("{FAE04EC0-301F-11D3-BF4B-00C04F79EFBC}") = "Shared", "Shared\Shared.csproj", "{A0B5EC3E-7925-498A-9AD0-0BE090EF12A3}"
EndProject
Global
	GlobalSection(SolutionConfigurationPlatforms) = preSolution
		Debug|Any CPU = Debug|Any CPU
		Release|Any CPU = Release|Any CPU
	EndGlobalSection
	GlobalSection(ProjectConfigurationPlatforms) = postSolution
		{9071C57F-7B49-4C31-899B-666910064A61}.Debug|Any CPU.ActiveCfg = Debug|Any CPU
		{9071C57F-7B49-4C31-899B-666910064A61}.Debug|Any CPU.Build.0 = Debug|Any CPU
		{9071C57F-7B49-4C31-899B-666910064A61}.Release|Any CPU.ActiveCfg = Release|Any CPU
		{9071C57F-7B49-4C31-899B-666910064A61}.Release|Any CPU.Build.0 = Release|Any CPU
		{8E9AF8CD-80F4-49E0-AF29-2DCCF3D94CF9}.Debug|Any CPU.ActiveCfg = Debug
		{8E9AF8CD-80F4-49E0-AF29-2DCCF3D94CF9}.Release|Any CPU.ActiveCfg = Release
		{59208F8D-F47E-4013-867D-284FB08CFE44}.Debug|Any CPU.ActiveCfg = Debug|Any CPU
		{59208F8D-F47E-4013-867D-284FB08CFE44}.Debug|Any CPU.Build.0 = Debug|Any CPU
		{59208F8D-F47E-4013-867D-284FB08CFE44}.Release|Any CPU.ActiveCfg = Release|Any CPU
		{59208F8D-F47E-4013-867D-284FB08CFE44}.Release|Any CPU.Build.0 = Release|Any CPU
		{A0B5EC3E-7925-498A-9AD0-0BE090EF12A3}.Debug|Any CPU.ActiveCfg = Debug|Any CPU
		{A0B5EC3E-7925-498A-9AD0-0BE090EF12A3}.Debug|Any CPU.Build.0 = Debug|Any CPU
		{A0B5EC3E-7925-498A-9AD0-0BE090EF12A3}.Release|Any CPU.ActiveCfg = Release|Any CPU
		{A0B5EC3E-7925-498A-9AD0-0BE090EF12A3}.Release|Any CPU.Build.0 = Release|Any CPU
	EndGlobalSection
	GlobalSection(SolutionProperties) = preSolution
		HideSolutionNode = FALSE
	EndGlobalSection
	GlobalSection(ExtensibilityGlobals) = postSolution
		SolutionGuid = {7074A608-5D49-4B4B-8202-C878EC29B93F}
	EndGlobalSection
EndGlobal
